{
  "nodes": {
    "nixpkgs": {
      "locked": {
        "lastModified": 1699451767,
        "narHash": "sha256-ns2cYb7gG9GMVRF+EBi6Z/8Gs5Fw8nKxMFRDH9/9I8c=",
        "owner": "NixOS",
        "repo": "nixpkgs",
        "rev": "d9cc44b51e9b333fd67e2c77eda010cc6c9552cc",
        "type": "github"
      },
      "original": {
        "owner": "NixOS",
        "ref": "master",
        "repo": "nixpkgs",
        "type": "github"
      }
    },
    "npiperelay": {
      "flake": false,
      "locked": {
        "lastModified": 1697451405,
        "narHash": "sha256-a8dGy1jfJavE7SwYaZFw1/VtemwhR3KEQ19r0SjAf6k=",
        "owner": "albertony",
        "repo": "npiperelay",
        "rev": "b8c8862a9c2f13f60c47c33244ac276cdc739e7e",
        "type": "github"
      },
      "original": {
        "owner": "albertony",
        "ref": "fork",
        "repo": "npiperelay",
        "type": "github"
      }
    },
    "root": {
      "inputs": {
        "nixpkgs": "nixpkgs",
        "npiperelay": "npiperelay"
      }
    }
  },
  "root": "root",
  "version": 7
}
